
Microsoft Visual Studio Solution File, Format Version 12.00
# Visual Studio Version 16
VisualStudioVersion = 16.0.31702.278
MinimumVisualStudioVersion = 10.0.40219.1
Project("{FAE04EC0-301F-11D3-BF4B-00C04F79EFBC}") = "ejercicio3DI", "ejercicio3DI\ejercicio3DI.csproj", "{7AF8586E-DFE7-4762-99D3-76EE8CC72AFC}"
EndProject
Global
	GlobalSection(SolutionConfigurationPlatforms) = preSolution
		Debug|Any CPU = Debug|Any CPU
		Release|Any CPU = Release|Any CPU
	EndGlobalSection
	GlobalSection(ProjectConfigurationPlatforms) = postSolution
		{7AF8586E-DFE7-4762-99D3-76EE8CC72AFC}.Debug|Any CPU.ActiveCfg = Debug|Any CPU
		{7AF8586E-DFE7-4762-99D3-76EE8CC72AFC}.Debug|Any CPU.Build.0 = Debug|Any CPU
		{7AF8586E-DFE7-4762-99D3-76EE8CC72AFC}.Release|Any CPU.ActiveCfg = Release|Any CPU
		{7AF8586E-DFE7-4762-99D3-76EE8CC72AFC}.Release|Any CPU.Build.0 = Release|Any CPU
	EndGlobalSection
	GlobalSection(SolutionProperties) = preSolution
		HideSolutionNode = FALSE
	EndGlobalSection
	GlobalSection(ExtensibilityGlobals) = postSolution
		SolutionGuid = {45117552-2A75-4209-8293-4EDC0CF1B680}
	EndGlobalSection
EndGlobal
