
Microsoft Visual Studio Solution File, Format Version 12.00
# Visual Studio Version 16
VisualStudioVersion = 16.0.33328.57
MinimumVisualStudioVersion = 10.0.40219.1
Project("{FAE04EC0-301F-11D3-BF4B-00C04F79EFBC}") = "EtiquetaAviso", "EtiquetaAviso\EtiquetaAviso.csproj", "{72C78C6A-CFB9-44DE-8423-7595C4341BE1}"
EndProject
Project("{FAE04EC0-301F-11D3-BF4B-00C04F79EFBC}") = "Principal", "Principal\Principal.csproj", "{B4189A5D-17CA-43BE-82EA-AACDCFBFA2D3}"
EndProject
Global
	GlobalSection(SolutionConfigurationPlatforms) = preSolution
		Debug|Any CPU = Debug|Any CPU
		Release|Any CPU = Release|Any CPU
	EndGlobalSection
	GlobalSection(ProjectConfigurationPlatforms) = postSolution
		{72C78C6A-CFB9-44DE-8423-7595C4341BE1}.Debug|Any CPU.ActiveCfg = Debug|Any CPU
		{72C78C6A-CFB9-44DE-8423-7595C4341BE1}.Debug|Any CPU.Build.0 = Debug|Any CPU
		{72C78C6A-CFB9-44DE-8423-7595C4341BE1}.Release|Any CPU.ActiveCfg = Release|Any CPU
		{72C78C6A-CFB9-44DE-8423-7595C4341BE1}.Release|Any CPU.Build.0 = Release|Any CPU
		{B4189A5D-17CA-43BE-82EA-AACDCFBFA2D3}.Debug|Any CPU.ActiveCfg = Debug|Any CPU
		{B4189A5D-17CA-43BE-82EA-AACDCFBFA2D3}.Debug|Any CPU.Build.0 = Debug|Any CPU
		{B4189A5D-17CA-43BE-82EA-AACDCFBFA2D3}.Release|Any CPU.ActiveCfg = Release|Any CPU
		{B4189A5D-17CA-43BE-82EA-AACDCFBFA2D3}.Release|Any CPU.Build.0 = Release|Any CPU
	EndGlobalSection
	GlobalSection(SolutionProperties) = preSolution
		HideSolutionNode = FALSE
	EndGlobalSection
	GlobalSection(ExtensibilityGlobals) = postSolution
		SolutionGuid = {23864B5A-59E4-41FB-BA1D-B846C38723EC}
	EndGlobalSection
EndGlobal
