
Microsoft Visual Studio Solution File, Format Version 12.00
# Visual Studio Version 17
VisualStudioVersion = 17.2.32630.192
MinimumVisualStudioVersion = 10.0.40219.1
Project("{FAE04EC0-301F-11D3-BF4B-00C04F79EFBC}") = "Ejercicio3", "Ejercicio3\Ejercicio3.csproj", "{6AD05726-3D10-4A95-B6FA-F26B7C5BB313}"
EndProject
Global
	GlobalSection(SolutionConfigurationPlatforms) = preSolution
		Debug|Any CPU = Debug|Any CPU
		Release|Any CPU = Release|Any CPU
	EndGlobalSection
	GlobalSection(ProjectConfigurationPlatforms) = postSolution
		{6AD05726-3D10-4A95-B6FA-F26B7C5BB313}.Debug|Any CPU.ActiveCfg = Debug|Any CPU
		{6AD05726-3D10-4A95-B6FA-F26B7C5BB313}.Debug|Any CPU.Build.0 = Debug|Any CPU
		{6AD05726-3D10-4A95-B6FA-F26B7C5BB313}.Release|Any CPU.ActiveCfg = Release|Any CPU
		{6AD05726-3D10-4A95-B6FA-F26B7C5BB313}.Release|Any CPU.Build.0 = Release|Any CPU
	EndGlobalSection
	GlobalSection(SolutionProperties) = preSolution
		HideSolutionNode = FALSE
	EndGlobalSection
	GlobalSection(ExtensibilityGlobals) = postSolution
		SolutionGuid = {83F4BE6E-D5F5-4344-9DFE-9D5D437B999F}
	EndGlobalSection
EndGlobal
